
Microsoft Visual Studio Solution File, Format Version 12.00
# Visual Studio 14
VisualStudioVersion = 14.0.25420.1
MinimumVisualStudioVersion = 10.0.40219.1
Project("{FAE04EC0-301F-11D3-BF4B-00C04F79EFBC}") = "TestApplication", "TestApplication\TestApplication.csproj", "{6CA6313B-F9F7-4B0D-BB54-B224A7620694}"
EndProject
Project("{FAE04EC0-301F-11D3-BF4B-00C04F79EFBC}") = "DAL", "DAL\DAL.csproj", "{986C249F-4526-4B9B-A572-E913398DE2D3}"
EndProject
Project("{FAE04EC0-301F-11D3-BF4B-00C04F79EFBC}") = "ServiceLayer", "ServiceLayer\ServiceLayer.csproj", "{60A274B2-68A7-4142-A518-7BB79EA8529B}"
EndProject
Project("{FAE04EC0-301F-11D3-BF4B-00C04F79EFBC}") = "RepositoryLayer", "RepositoryLayer\RepositoryLayer.csproj", "{63896C79-4EA5-4090-9BE4-A089F20087B6}"
EndProject
Global
	GlobalSection(SolutionConfigurationPlatforms) = preSolution
		Debug|Any CPU = Debug|Any CPU
		Release|Any CPU = Release|Any CPU
	EndGlobalSection
	GlobalSection(ProjectConfigurationPlatforms) = postSolution
		{6CA6313B-F9F7-4B0D-BB54-B224A7620694}.Debug|Any CPU.ActiveCfg = Debug|Any CPU
		{6CA6313B-F9F7-4B0D-BB54-B224A7620694}.Debug|Any CPU.Build.0 = Debug|Any CPU
		{6CA6313B-F9F7-4B0D-BB54-B224A7620694}.Release|Any CPU.ActiveCfg = Release|Any CPU
		{6CA6313B-F9F7-4B0D-BB54-B224A7620694}.Release|Any CPU.Build.0 = Release|Any CPU
		{986C249F-4526-4B9B-A572-E913398DE2D3}.Debug|Any CPU.ActiveCfg = Debug|Any CPU
		{986C249F-4526-4B9B-A572-E913398DE2D3}.Debug|Any CPU.Build.0 = Debug|Any CPU
		{986C249F-4526-4B9B-A572-E913398DE2D3}.Release|Any CPU.ActiveCfg = Release|Any CPU
		{986C249F-4526-4B9B-A572-E913398DE2D3}.Release|Any CPU.Build.0 = Release|Any CPU
		{60A274B2-68A7-4142-A518-7BB79EA8529B}.Debug|Any CPU.ActiveCfg = Debug|Any CPU
		{60A274B2-68A7-4142-A518-7BB79EA8529B}.Debug|Any CPU.Build.0 = Debug|Any CPU
		{60A274B2-68A7-4142-A518-7BB79EA8529B}.Release|Any CPU.ActiveCfg = Release|Any CPU
		{60A274B2-68A7-4142-A518-7BB79EA8529B}.Release|Any CPU.Build.0 = Release|Any CPU
		{63896C79-4EA5-4090-9BE4-A089F20087B6}.Debug|Any CPU.ActiveCfg = Debug|Any CPU
		{63896C79-4EA5-4090-9BE4-A089F20087B6}.Debug|Any CPU.Build.0 = Debug|Any CPU
		{63896C79-4EA5-4090-9BE4-A089F20087B6}.Release|Any CPU.ActiveCfg = Release|Any CPU
		{63896C79-4EA5-4090-9BE4-A089F20087B6}.Release|Any CPU.Build.0 = Release|Any CPU
	EndGlobalSection
	GlobalSection(SolutionProperties) = preSolution
		HideSolutionNode = FALSE
	EndGlobalSection
EndGlobal
